// !$*UTF8*$!
{
	archiveVersion = 1;
	classes = {
	};
	objectVersion = 46;
	objects = {

/* Begin PBXBuildFile section */
		1808184D1EBE405800888934 /* PlayListController.swift in Sources */ = {isa = PBXBuildFile; fileRef = 1808184C1EBE405800888934 /* PlayListController.swift */; };
		180818501EBE410600888934 /* PlayListCell.swift in Sources */ = {isa = PBXBuildFile; fileRef = 1808184F1EBE410600888934 /* PlayListCell.swift */; };
		180818521EBEBBDE00888934 /* akhar.mp3 in Resources */ = {isa = PBXBuildFile; fileRef = 180818511EBEBBDE00888934 /* akhar.mp3 */; };
		187503491EAF2B5500AF0A26 /* HomeViewController.swift in Sources */ = {isa = PBXBuildFile; fileRef = 187503481EAF2B5500AF0A26 /* HomeViewController.swift */; };
		1875034C1EAF2D2B00AF0A26 /* VitrinCell.swift in Sources */ = {isa = PBXBuildFile; fileRef = 1875034B1EAF2D2B00AF0A26 /* VitrinCell.swift */; };
		187503501EAF315400AF0A26 /* CollectionViewCell.swift in Sources */ = {isa = PBXBuildFile; fileRef = 1875034F1EAF315400AF0A26 /* CollectionViewCell.swift */; };
		187503521EAF385A00AF0A26 /* HeaderTableViewCell.swift in Sources */ = {isa = PBXBuildFile; fileRef = 187503511EAF385A00AF0A26 /* HeaderTableViewCell.swift */; };
		187503551EAF3D2100AF0A26 /* NetworkManager.swift in Sources */ = {isa = PBXBuildFile; fileRef = 187503541EAF3D2100AF0A26 /* NetworkManager.swift */; };
		187503581EAF403B00AF0A26 /* PhoneNumberController.swift in Sources */ = {isa = PBXBuildFile; fileRef = 187503571EAF403B00AF0A26 /* PhoneNumberController.swift */; };
		1875035A1EAF404D00AF0A26 /* ValidationCodeController.swift in Sources */ = {isa = PBXBuildFile; fileRef = 187503591EAF404D00AF0A26 /* ValidationCodeController.swift */; };
		1875035C1EAF701C00AF0A26 /* GetInformationController.swift in Sources */ = {isa = PBXBuildFile; fileRef = 1875035B1EAF701C00AF0A26 /* GetInformationController.swift */; };
		1875035E1EAF9CA100AF0A26 /* SendObjects.swift in Sources */ = {isa = PBXBuildFile; fileRef = 1875035D1EAF9CA100AF0A26 /* SendObjects.swift */; };
		187503601EAF9CC100AF0A26 /* RecievingObjects.swift in Sources */ = {isa = PBXBuildFile; fileRef = 1875035F1EAF9CC100AF0A26 /* RecievingObjects.swift */; };
		187503621EAFB4A200AF0A26 /* UtilityClass.swift in Sources */ = {isa = PBXBuildFile; fileRef = 187503611EAFB4A200AF0A26 /* UtilityClass.swift */; };
		18928BFA1EB663EB00982C8B /* SubListCell.swift in Sources */ = {isa = PBXBuildFile; fileRef = 18928BF91EB663EB00982C8B /* SubListCell.swift */; };
		18928BFD1EB6856300982C8B /* HeaderSelectedController.swift in Sources */ = {isa = PBXBuildFile; fileRef = 18928BFC1EB6856300982C8B /* HeaderSelectedController.swift */; };
		18928BFF1EB6857900982C8B /* HeaderSelecedCell.swift in Sources */ = {isa = PBXBuildFile; fileRef = 18928BFE1EB6857900982C8B /* HeaderSelecedCell.swift */; };
		18AAAF951EC5B8F100191355 /* CatListItemController.swift in Sources */ = {isa = PBXBuildFile; fileRef = 18AAAF941EC5B8F100191355 /* CatListItemController.swift */; };
		18AAAF971EC5B91000191355 /* CatItemCell.swift in Sources */ = {isa = PBXBuildFile; fileRef = 18AAAF961EC5B91000191355 /* CatItemCell.swift */; };
		18C0AEFC1EAD1BFE0082B4F2 /* AppDelegate.swift in Sources */ = {isa = PBXBuildFile; fileRef = 18C0AEFB1EAD1BFE0082B4F2 /* AppDelegate.swift */; };
		18C0AF011EAD1BFE0082B4F2 /* Main.storyboard in Resources */ = {isa = PBXBuildFile; fileRef = 18C0AEFF1EAD1BFE0082B4F2 /* Main.storyboard */; };
		18C0AF031EAD1BFE0082B4F2 /* Assets.xcassets in Resources */ = {isa = PBXBuildFile; fileRef = 18C0AF021EAD1BFE0082B4F2 /* Assets.xcassets */; };
		18C0AF061EAD1BFE0082B4F2 /* LaunchScreen.storyboard in Resources */ = {isa = PBXBuildFile; fileRef = 18C0AF041EAD1BFE0082B4F2 /* LaunchScreen.storyboard */; };
		18C0AF111EAD1BFE0082B4F2 /* RadioLadanTests.swift in Sources */ = {isa = PBXBuildFile; fileRef = 18C0AF101EAD1BFE0082B4F2 /* RadioLadanTests.swift */; };
		18C0AF1C1EAD1BFE0082B4F2 /* RadioLadanUITests.swift in Sources */ = {isa = PBXBuildFile; fileRef = 18C0AF1B1EAD1BFE0082B4F2 /* RadioLadanUITests.swift */; };
		18D5498E1EB20644009BCD15 /* testViewController.swift in Sources */ = {isa = PBXBuildFile; fileRef = 18D5498D1EB20644009BCD15 /* testViewController.swift */; };
		18DC30981EBD0F4900ABEC8A /* IRANSans(FaNum)_Light.ttf in Resources */ = {isa = PBXBuildFile; fileRef = 18DC30971EBD0F4900ABEC8A /* IRANSans(FaNum)_Light.ttf */; };
		18F7C38D1EBAFA67002AF4AA /* PlayerViewController.swift in Sources */ = {isa = PBXBuildFile; fileRef = 18F7C38C1EBAFA67002AF4AA /* PlayerViewController.swift */; };
		18F7C3911EBAFFD7002AF4AA /* PlayerCell.swift in Sources */ = {isa = PBXBuildFile; fileRef = 18F7C3901EBAFFD7002AF4AA /* PlayerCell.swift */; };
		8CB1440C5347998F07BBD893 /* Pods_RadioLadan.framework in Frameworks */ = {isa = PBXBuildFile; fileRef = 1339E5A7CAB8CCC5E11AFF35 /* Pods_RadioLadan.framework */; };
/* End PBXBuildFile section */

/* Begin PBXContainerItemProxy section */
		18C0AF0D1EAD1BFE0082B4F2 /* PBXContainerItemProxy */ = {
			isa = PBXContainerItemProxy;
			containerPortal = 18C0AEF01EAD1BFE0082B4F2 /* Project object */;
			proxyType = 1;
			remoteGlobalIDString = 18C0AEF71EAD1BFE0082B4F2;
			remoteInfo = RadioLadan;
		};
		18C0AF181EAD1BFE0082B4F2 /* PBXContainerItemProxy */ = {
			isa = PBXContainerItemProxy;
			containerPortal = 18C0AEF01EAD1BFE0082B4F2 /* Project object */;
			proxyType = 1;
			remoteGlobalIDString = 18C0AEF71EAD1BFE0082B4F2;
			remoteInfo = RadioLadan;
		};
/* End PBXContainerItemProxy section */

/* Begin PBXFileReference section */
		1339E5A7CAB8CCC5E11AFF35 /* Pods_RadioLadan.framework */ = {isa = PBXFileReference; explicitFileType = wrapper.framework; includeInIndex = 0; path = Pods_RadioLadan.framework; sourceTree = BUILT_PRODUCTS_DIR; };
		1808184C1EBE405800888934 /* PlayListController.swift */ = {isa = PBXFileReference; fileEncoding = 4; lastKnownFileType = sourcecode.swift; path = PlayListController.swift; sourceTree = "<group>"; };
		1808184F1EBE410600888934 /* PlayListCell.swift */ = {isa = PBXFileReference; fileEncoding = 4; lastKnownFileType = sourcecode.swift; path = PlayListCell.swift; sourceTree = "<group>"; };
		180818511EBEBBDE00888934 /* akhar.mp3 */ = {isa = PBXFileReference; lastKnownFileType = audio.mp3; path = akhar.mp3; sourceTree = "<group>"; };
		187503481EAF2B5500AF0A26 /* HomeViewController.swift */ = {isa = PBXFileReference; fileEncoding = 4; lastKnownFileType = sourcecode.swift; path = HomeViewController.swift; sourceTree = "<group>"; };
		1875034B1EAF2D2B00AF0A26 /* VitrinCell.swift */ = {isa = PBXFileReference; fileEncoding = 4; lastKnownFileType = sourcecode.swift; path = VitrinCell.swift; sourceTree = "<group>"; };
		1875034F1EAF315400AF0A26 /* CollectionViewCell.swift */ = {isa = PBXFileReference; fileEncoding = 4; lastKnownFileType = sourcecode.swift; path = CollectionViewCell.swift; sourceTree = "<group>"; };
		187503511EAF385A00AF0A26 /* HeaderTableViewCell.swift */ = {isa = PBXFileReference; fileEncoding = 4; lastKnownFileType = sourcecode.swift; path = HeaderTableViewCell.swift; sourceTree = "<group>"; };
		187503541EAF3D2100AF0A26 /* NetworkManager.swift */ = {isa = PBXFileReference; fileEncoding = 4; lastKnownFileType = sourcecode.swift; path = NetworkManager.swift; sourceTree = "<group>"; };
		187503571EAF403B00AF0A26 /* PhoneNumberController.swift */ = {isa = PBXFileReference; fileEncoding = 4; lastKnownFileType = sourcecode.swift; path = PhoneNumberController.swift; sourceTree = "<group>"; };
		187503591EAF404D00AF0A26 /* ValidationCodeController.swift */ = {isa = PBXFileReference; fileEncoding = 4; lastKnownFileType = sourcecode.swift; path = ValidationCodeController.swift; sourceTree = "<group>"; };
		1875035B1EAF701C00AF0A26 /* GetInformationController.swift */ = {isa = PBXFileReference; fileEncoding = 4; lastKnownFileType = sourcecode.swift; path = GetInformationController.swift; sourceTree = "<group>"; };
		1875035D1EAF9CA100AF0A26 /* SendObjects.swift */ = {isa = PBXFileReference; fileEncoding = 4; lastKnownFileType = sourcecode.swift; path = SendObjects.swift; sourceTree = "<group>"; };
		1875035F1EAF9CC100AF0A26 /* RecievingObjects.swift */ = {isa = PBXFileReference; fileEncoding = 4; lastKnownFileType = sourcecode.swift; path = RecievingObjects.swift; sourceTree = "<group>"; };
		187503611EAFB4A200AF0A26 /* UtilityClass.swift */ = {isa = PBXFileReference; fileEncoding = 4; lastKnownFileType = sourcecode.swift; path = UtilityClass.swift; sourceTree = "<group>"; };
		18928BF91EB663EB00982C8B /* SubListCell.swift */ = {isa = PBXFileReference; fileEncoding = 4; lastKnownFileType = sourcecode.swift; path = SubListCell.swift; sourceTree = "<group>"; };
		18928BFC1EB6856300982C8B /* HeaderSelectedController.swift */ = {isa = PBXFileReference; fileEncoding = 4; lastKnownFileType = sourcecode.swift; path = HeaderSelectedController.swift; sourceTree = "<group>"; };
		18928BFE1EB6857900982C8B /* HeaderSelecedCell.swift */ = {isa = PBXFileReference; fileEncoding = 4; lastKnownFileType = sourcecode.swift; path = HeaderSelecedCell.swift; sourceTree = "<group>"; };
		18AAAF941EC5B8F100191355 /* CatListItemController.swift */ = {isa = PBXFileReference; fileEncoding = 4; lastKnownFileType = sourcecode.swift; path = CatListItemController.swift; sourceTree = "<group>"; };
		18AAAF961EC5B91000191355 /* CatItemCell.swift */ = {isa = PBXFileReference; fileEncoding = 4; lastKnownFileType = sourcecode.swift; path = CatItemCell.swift; sourceTree = "<group>"; };
		18C0AEF81EAD1BFE0082B4F2 /* RadioLadan.app */ = {isa = PBXFileReference; explicitFileType = wrapper.application; includeInIndex = 0; path = RadioLadan.app; sourceTree = BUILT_PRODUCTS_DIR; };
		18C0AEFB1EAD1BFE0082B4F2 /* AppDelegate.swift */ = {isa = PBXFileReference; lastKnownFileType = sourcecode.swift; path = AppDelegate.swift; sourceTree = "<group>"; };
		18C0AF001EAD1BFE0082B4F2 /* Base */ = {isa = PBXFileReference; lastKnownFileType = file.storyboard; name = Base; path = Base.lproj/Main.storyboard; sourceTree = "<group>"; };
		18C0AF021EAD1BFE0082B4F2 /* Assets.xcassets */ = {isa = PBXFileReference; lastKnownFileType = folder.assetcatalog; path = Assets.xcassets; sourceTree = "<group>"; };
		18C0AF051EAD1BFE0082B4F2 /* Base */ = {isa = PBXFileReference; lastKnownFileType = file.storyboard; name = Base; path = Base.lproj/LaunchScreen.storyboard; sourceTree = "<group>"; };
		18C0AF071EAD1BFE0082B4F2 /* Info.plist */ = {isa = PBXFileReference; lastKnownFileType = text.plist.xml; path = Info.plist; sourceTree = "<group>"; };
		18C0AF0C1EAD1BFE0082B4F2 /* RadioLadanTests.xctest */ = {isa = PBXFileReference; explicitFileType = wrapper.cfbundle; includeInIndex = 0; path = RadioLadanTests.xctest; sourceTree = BUILT_PRODUCTS_DIR; };
		18C0AF101EAD1BFE0082B4F2 /* RadioLadanTests.swift */ = {isa = PBXFileReference; lastKnownFileType = sourcecode.swift; path = RadioLadanTests.swift; sourceTree = "<group>"; };
		18C0AF121EAD1BFE0082B4F2 /* Info.plist */ = {isa = PBXFileReference; lastKnownFileType = text.plist.xml; path = Info.plist; sourceTree = "<group>"; };
		18C0AF171EAD1BFE0082B4F2 /* RadioLadanUITests.xctest */ = {isa = PBXFileReference; explicitFileType = wrapper.cfbundle; includeInIndex = 0; path = RadioLadanUITests.xctest; sourceTree = BUILT_PRODUCTS_DIR; };
		18C0AF1B1EAD1BFE0082B4F2 /* RadioLadanUITests.swift */ = {isa = PBXFileReference; lastKnownFileType = sourcecode.swift; path = RadioLadanUITests.swift; sourceTree = "<group>"; };
		18C0AF1D1EAD1BFE0082B4F2 /* Info.plist */ = {isa = PBXFileReference; lastKnownFileType = text.plist.xml; path = Info.plist; sourceTree = "<group>"; };
		18D5498D1EB20644009BCD15 /* testViewController.swift */ = {isa = PBXFileReference; fileEncoding = 4; lastKnownFileType = sourcecode.swift; path = testViewController.swift; sourceTree = "<group>"; };
		18DC30971EBD0F4900ABEC8A /* IRANSans(FaNum)_Light.ttf */ = {isa = PBXFileReference; lastKnownFileType = file; path = "IRANSans(FaNum)_Light.ttf"; sourceTree = "<group>"; };
		18F7C38C1EBAFA67002AF4AA /* PlayerViewController.swift */ = {isa = PBXFileReference; fileEncoding = 4; lastKnownFileType = sourcecode.swift; path = PlayerViewController.swift; sourceTree = "<group>"; };
		18F7C3901EBAFFD7002AF4AA /* PlayerCell.swift */ = {isa = PBXFileReference; fileEncoding = 4; lastKnownFileType = sourcecode.swift; path = PlayerCell.swift; sourceTree = "<group>"; };
		C607900463E8AE1031241A38 /* Pods-RadioLadan.release.xcconfig */ = {isa = PBXFileReference; includeInIndex = 1; lastKnownFileType = text.xcconfig; name = "Pods-RadioLadan.release.xcconfig"; path = "Pods/Target Support Files/Pods-RadioLadan/Pods-RadioLadan.release.xcconfig"; sourceTree = "<group>"; };
		C75C2B6743D919EED96F34BB /* Pods-RadioLadan.debug.xcconfig */ = {isa = PBXFileReference; includeInIndex = 1; lastKnownFileType = text.xcconfig; name = "Pods-RadioLadan.debug.xcconfig"; path = "Pods/Target Support Files/Pods-RadioLadan/Pods-RadioLadan.debug.xcconfig"; sourceTree = "<group>"; };
/* End PBXFileReference section */

/* Begin PBXFrameworksBuildPhase section */
		18C0AEF51EAD1BFE0082B4F2 /* Frameworks */ = {
			isa = PBXFrameworksBuildPhase;
			buildActionMask = 2147483647;
			files = (
				8CB1440C5347998F07BBD893 /* Pods_RadioLadan.framework in Frameworks */,
			);
			runOnlyForDeploymentPostprocessing = 0;
		};
		18C0AF091EAD1BFE0082B4F2 /* Frameworks */ = {
			isa = PBXFrameworksBuildPhase;
			buildActionMask = 2147483647;
			files = (
			);
			runOnlyForDeploymentPostprocessing = 0;
		};
		18C0AF141EAD1BFE0082B4F2 /* Frameworks */ = {
			isa = PBXFrameworksBuildPhase;
			buildActionMask = 2147483647;
			files = (
			);
			runOnlyForDeploymentPostprocessing = 0;
		};
/* End PBXFrameworksBuildPhase section */

/* Begin PBXGroup section */
		1808184E1EBE406300888934 /* playList */ = {
			isa = PBXGroup;
			children = (
				1808184C1EBE405800888934 /* PlayListController.swift */,
				1808184F1EBE410600888934 /* PlayListCell.swift */,
			);
			name = playList;
			sourceTree = "<group>";
		};
		1875034A1EAF2B6100AF0A26 /* home */ = {
			isa = PBXGroup;
			children = (
				187503481EAF2B5500AF0A26 /* HomeViewController.swift */,
				1875034B1EAF2D2B00AF0A26 /* VitrinCell.swift */,
				1875034F1EAF315400AF0A26 /* CollectionViewCell.swift */,
				187503511EAF385A00AF0A26 /* HeaderTableViewCell.swift */,
				18D5498D1EB20644009BCD15 /* testViewController.swift */,
				180818511EBEBBDE00888934 /* akhar.mp3 */,
				18928BF81EB663CA00982C8B /* sublistCell */,
			);
			name = home;
			sourceTree = "<group>";
		};
		187503531EAF3CE300AF0A26 /* Network */ = {
			isa = PBXGroup;
			children = (
				187503541EAF3D2100AF0A26 /* NetworkManager.swift */,
				1875035D1EAF9CA100AF0A26 /* SendObjects.swift */,
				1875035F1EAF9CC100AF0A26 /* RecievingObjects.swift */,
			);
			name = Network;
			sourceTree = "<group>";
		};
		187503561EAF3D6000AF0A26 /* start */ = {
			isa = PBXGroup;
			children = (
				187503571EAF403B00AF0A26 /* PhoneNumberController.swift */,
				187503591EAF404D00AF0A26 /* ValidationCodeController.swift */,
				1875035B1EAF701C00AF0A26 /* GetInformationController.swift */,
			);
			name = start;
			sourceTree = "<group>";
		};
		18928BF81EB663CA00982C8B /* sublistCell */ = {
			isa = PBXGroup;
			children = (
				18928BF91EB663EB00982C8B /* SubListCell.swift */,
			);
			name = sublistCell;
			sourceTree = "<group>";
		};
		18928BFB1EB684CC00982C8B /* selectHeaderController */ = {
			isa = PBXGroup;
			children = (
				18928BFC1EB6856300982C8B /* HeaderSelectedController.swift */,
				18928BFE1EB6857900982C8B /* HeaderSelecedCell.swift */,
			);
			name = selectHeaderController;
			sourceTree = "<group>";
		};
		18AAAF931EC5B8BC00191355 /* categoryListItem */ = {
			isa = PBXGroup;
			children = (
				18AAAF941EC5B8F100191355 /* CatListItemController.swift */,
				18AAAF961EC5B91000191355 /* CatItemCell.swift */,
			);
			name = categoryListItem;
			sourceTree = "<group>";
		};
		18C0AEEF1EAD1BFE0082B4F2 = {
			isa = PBXGroup;
			children = (
				18C0AEFA1EAD1BFE0082B4F2 /* RadioLadan */,
				18C0AF0F1EAD1BFE0082B4F2 /* RadioLadanTests */,
				18C0AF1A1EAD1BFE0082B4F2 /* RadioLadanUITests */,
				18C0AEF91EAD1BFE0082B4F2 /* Products */,
				749BCED7438A4CB696B98743 /* Pods */,
				8D610A1221528B9DB903BF03 /* Frameworks */,
			);
			sourceTree = "<group>";
		};
		18C0AEF91EAD1BFE0082B4F2 /* Products */ = {
			isa = PBXGroup;
			children = (
				18C0AEF81EAD1BFE0082B4F2 /* RadioLadan.app */,
				18C0AF0C1EAD1BFE0082B4F2 /* RadioLadanTests.xctest */,
				18C0AF171EAD1BFE0082B4F2 /* RadioLadanUITests.xctest */,
			);
			name = Products;
			sourceTree = "<group>";
		};
		18C0AEFA1EAD1BFE0082B4F2 /* RadioLadan */ = {
			isa = PBXGroup;
			children = (
				18C0AEFB1EAD1BFE0082B4F2 /* AppDelegate.swift */,
				187503611EAFB4A200AF0A26 /* UtilityClass.swift */,
				18DC30971EBD0F4900ABEC8A /* IRANSans(FaNum)_Light.ttf */,
				187503561EAF3D6000AF0A26 /* start */,
				1875034A1EAF2B6100AF0A26 /* home */,
				187503531EAF3CE300AF0A26 /* Network */,
				18F7C38B1EBAFA2E002AF4AA /* Player */,
				1808184E1EBE406300888934 /* playList */,
				18928BFB1EB684CC00982C8B /* selectHeaderController */,
				18AAAF931EC5B8BC00191355 /* categoryListItem */,
				18C0AEFF1EAD1BFE0082B4F2 /* Main.storyboard */,
				18C0AF021EAD1BFE0082B4F2 /* Assets.xcassets */,
				18C0AF041EAD1BFE0082B4F2 /* LaunchScreen.storyboard */,
				18C0AF071EAD1BFE0082B4F2 /* Info.plist */,
			);
			path = RadioLadan;
			sourceTree = "<group>";
		};
		18C0AF0F1EAD1BFE0082B4F2 /* RadioLadanTests */ = {
			isa = PBXGroup;
			children = (
				18C0AF101EAD1BFE0082B4F2 /* RadioLadanTests.swift */,
				18C0AF121EAD1BFE0082B4F2 /* Info.plist */,
			);
			path = RadioLadanTests;
			sourceTree = "<group>";
		};
		18C0AF1A1EAD1BFE0082B4F2 /* RadioLadanUITests */ = {
			isa = PBXGroup;
			children = (
				18C0AF1B1EAD1BFE0082B4F2 /* RadioLadanUITests.swift */,
				18C0AF1D1EAD1BFE0082B4F2 /* Info.plist */,
			);
			path = RadioLadanUITests;
			sourceTree = "<group>";
		};
		18F7C38B1EBAFA2E002AF4AA /* Player */ = {
			isa = PBXGroup;
			children = (
				18F7C38C1EBAFA67002AF4AA /* PlayerViewController.swift */,
				18F7C3901EBAFFD7002AF4AA /* PlayerCell.swift */,
			);
			name = Player;
			sourceTree = "<group>";
		};
		749BCED7438A4CB696B98743 /* Pods */ = {
			isa = PBXGroup;
			children = (
				C75C2B6743D919EED96F34BB /* Pods-RadioLadan.debug.xcconfig */,
				C607900463E8AE1031241A38 /* Pods-RadioLadan.release.xcconfig */,
			);
			name = Pods;
			sourceTree = "<group>";
		};
		8D610A1221528B9DB903BF03 /* Frameworks */ = {
			isa = PBXGroup;
			children = (
				1339E5A7CAB8CCC5E11AFF35 /* Pods_RadioLadan.framework */,
			);
			name = Frameworks;
			sourceTree = "<group>";
		};
/* End PBXGroup section */

/* Begin PBXNativeTarget section */
		18C0AEF71EAD1BFE0082B4F2 /* RadioLadan */ = {
			isa = PBXNativeTarget;
			buildConfigurationList = 18C0AF201EAD1BFE0082B4F2 /* Build configuration list for PBXNativeTarget "RadioLadan" */;
			buildPhases = (
				56A1418702B5A5F1B86489C7 /* [CP] Check Pods Manifest.lock */,
				18C0AEF41EAD1BFE0082B4F2 /* Sources */,
				18C0AEF51EAD1BFE0082B4F2 /* Frameworks */,
				18C0AEF61EAD1BFE0082B4F2 /* Resources */,
				BDBCE1B23286D9D4A2EDAD34 /* [CP] Embed Pods Frameworks */,
				4E67C8FC5BF05FC146688FB3 /* [CP] Copy Pods Resources */,
			);
			buildRules = (
			);
			dependencies = (
			);
			name = RadioLadan;
			productName = RadioLadan;
			productReference = 18C0AEF81EAD1BFE0082B4F2 /* RadioLadan.app */;
			productType = "com.apple.product-type.application";
		};
		18C0AF0B1EAD1BFE0082B4F2 /* RadioLadanTests */ = {
			isa = PBXNativeTarget;
			buildConfigurationList = 18C0AF231EAD1BFE0082B4F2 /* Build configuration list for PBXNativeTarget "RadioLadanTests" */;
			buildPhases = (
				18C0AF081EAD1BFE0082B4F2 /* Sources */,
				18C0AF091EAD1BFE0082B4F2 /* Frameworks */,
				18C0AF0A1EAD1BFE0082B4F2 /* Resources */,
			);
			buildRules = (
			);
			dependencies = (
				18C0AF0E1EAD1BFE0082B4F2 /* PBXTargetDependency */,
			);
			name = RadioLadanTests;
			productName = RadioLadanTests;
			productReference = 18C0AF0C1EAD1BFE0082B4F2 /* RadioLadanTests.xctest */;
			productType = "com.apple.product-type.bundle.unit-test";
		};
		18C0AF161EAD1BFE0082B4F2 /* RadioLadanUITests */ = {
			isa = PBXNativeTarget;
			buildConfigurationList = 18C0AF261EAD1BFE0082B4F2 /* Build configuration list for PBXNativeTarget "RadioLadanUITests" */;
			buildPhases = (
				18C0AF131EAD1BFE0082B4F2 /* Sources */,
				18C0AF141EAD1BFE0082B4F2 /* Frameworks */,
				18C0AF151EAD1BFE0082B4F2 /* Resources */,
			);
			buildRules = (
			);
			dependencies = (
				18C0AF191EAD1BFE0082B4F2 /* PBXTargetDependency */,
			);
			name = RadioLadanUITests;
			productName = RadioLadanUITests;
			productReference = 18C0AF171EAD1BFE0082B4F2 /* RadioLadanUITests.xctest */;
			productType = "com.apple.product-type.bundle.ui-testing";
		};
/* End PBXNativeTarget section */

/* Begin PBXProject section */
		18C0AEF01EAD1BFE0082B4F2 /* Project object */ = {
			isa = PBXProject;
			attributes = {
				LastSwiftUpdateCheck = 0820;
				LastUpgradeCheck = 0820;
				ORGANIZATIONNAME = MHDY;
				TargetAttributes = {
					18C0AEF71EAD1BFE0082B4F2 = {
						CreatedOnToolsVersion = 8.2.1;
						DevelopmentTeam = FGG7GRA53N;
						ProvisioningStyle = Automatic;
					};
					18C0AF0B1EAD1BFE0082B4F2 = {
						CreatedOnToolsVersion = 8.2.1;
						DevelopmentTeam = FGG7GRA53N;
						ProvisioningStyle = Automatic;
						TestTargetID = 18C0AEF71EAD1BFE0082B4F2;
					};
					18C0AF161EAD1BFE0082B4F2 = {
						CreatedOnToolsVersion = 8.2.1;
						DevelopmentTeam = FGG7GRA53N;
						ProvisioningStyle = Automatic;
						TestTargetID = 18C0AEF71EAD1BFE0082B4F2;
					};
				};
			};
			buildConfigurationList = 18C0AEF31EAD1BFE0082B4F2 /* Build configuration list for PBXProject "RadioLadan" */;
			compatibilityVersion = "Xcode 3.2";
			developmentRegion = English;
			hasScannedForEncodings = 0;
			knownRegions = (
				en,
				Base,
			);
			mainGroup = 18C0AEEF1EAD1BFE0082B4F2;
			productRefGroup = 18C0AEF91EAD1BFE0082B4F2 /* Products */;
			projectDirPath = "";
			projectRoot = "";
			targets = (
				18C0AEF71EAD1BFE0082B4F2 /* RadioLadan */,
				18C0AF0B1EAD1BFE0082B4F2 /* RadioLadanTests */,
				18C0AF161EAD1BFE0082B4F2 /* RadioLadanUITests */,
			);
		};
/* End PBXProject section */

/* Begin PBXResourcesBuildPhase section */
		18C0AEF61EAD1BFE0082B4F2 /* Resources */ = {
			isa = PBXResourcesBuildPhase;
			buildActionMask = 2147483647;
			files = (
				18C0AF061EAD1BFE0082B4F2 /* LaunchScreen.storyboard in Resources */,
				18C0AF031EAD1BFE0082B4F2 /* Assets.xcassets in Resources */,
				18C0AF011EAD1BFE0082B4F2 /* Main.storyboard in Resources */,
				180818521EBEBBDE00888934 /* akhar.mp3 in Resources */,
				18DC30981EBD0F4900ABEC8A /* IRANSans(FaNum)_Light.ttf in Resources */,
			);
			runOnlyForDeploymentPostprocessing = 0;
		};
		18C0AF0A1EAD1BFE0082B4F2 /* Resources */ = {
			isa = PBXResourcesBuildPhase;
			buildActionMask = 2147483647;
			files = (
			);
			runOnlyForDeploymentPostprocessing = 0;
		};
		18C0AF151EAD1BFE0082B4F2 /* Resources */ = {
			isa = PBXResourcesBuildPhase;
			buildActionMask = 2147483647;
			files = (
			);
			runOnlyForDeploymentPostprocessing = 0;
		};
/* End PBXResourcesBuildPhase section */

/* Begin PBXShellScriptBuildPhase section */
		4E67C8FC5BF05FC146688FB3 /* [CP] Copy Pods Resources */ = {
			isa = PBXShellScriptBuildPhase;
			buildActionMask = 2147483647;
			files = (
			);
			inputPaths = (
			);
			name = "[CP] Copy Pods Resources";
			outputPaths = (
			);
			runOnlyForDeploymentPostprocessing = 0;
			shellPath = /bin/sh;
			shellScript = "\"${SRCROOT}/Pods/Target Support Files/Pods-RadioLadan/Pods-RadioLadan-resources.sh\"\n";
			showEnvVarsInLog = 0;
		};
		56A1418702B5A5F1B86489C7 /* [CP] Check Pods Manifest.lock */ = {
			isa = PBXShellScriptBuildPhase;
			buildActionMask = 2147483647;
			files = (
			);
			inputPaths = (
			);
			name = "[CP] Check Pods Manifest.lock";
			outputPaths = (
			);
			runOnlyForDeploymentPostprocessing = 0;
			shellPath = /bin/sh;
			shellScript = "diff \"${PODS_ROOT}/../Podfile.lock\" \"${PODS_ROOT}/Manifest.lock\" > /dev/null\nif [ $? != 0 ] ; then\n    # print error to STDERR\n    echo \"error: The sandbox is not in sync with the Podfile.lock. Run 'pod install' or update your CocoaPods installation.\" >&2\n    exit 1\nfi\n";
			showEnvVarsInLog = 0;
		};
		BDBCE1B23286D9D4A2EDAD34 /* [CP] Embed Pods Frameworks */ = {
			isa = PBXShellScriptBuildPhase;
			buildActionMask = 2147483647;
			files = (
			);
			inputPaths = (
			);
			name = "[CP] Embed Pods Frameworks";
			outputPaths = (
			);
			runOnlyForDeploymentPostprocessing = 0;
			shellPath = /bin/sh;
			shellScript = "\"${SRCROOT}/Pods/Target Support Files/Pods-RadioLadan/Pods-RadioLadan-frameworks.sh\"\n";
			showEnvVarsInLog = 0;
		};
/* End PBXShellScriptBuildPhase section */

/* Begin PBXSourcesBuildPhase section */
		18C0AEF41EAD1BFE0082B4F2 /* Sources */ = {
			isa = PBXSourcesBuildPhase;
			buildActionMask = 2147483647;
			files = (
				18928BFF1EB6857900982C8B /* HeaderSelecedCell.swift in Sources */,
				187503551EAF3D2100AF0A26 /* NetworkManager.swift in Sources */,
				18C0AEFC1EAD1BFE0082B4F2 /* AppDelegate.swift in Sources */,
				18AAAF951EC5B8F100191355 /* CatListItemController.swift in Sources */,
				187503601EAF9CC100AF0A26 /* RecievingObjects.swift in Sources */,
				187503521EAF385A00AF0A26 /* HeaderTableViewCell.swift in Sources */,
				1875035C1EAF701C00AF0A26 /* GetInformationController.swift in Sources */,
				1875035A1EAF404D00AF0A26 /* ValidationCodeController.swift in Sources */,
				187503581EAF403B00AF0A26 /* PhoneNumberController.swift in Sources */,
				187503621EAFB4A200AF0A26 /* UtilityClass.swift in Sources */,
				18928BFD1EB6856300982C8B /* HeaderSelectedController.swift in Sources */,
				18928BFA1EB663EB00982C8B /* SubListCell.swift in Sources */,
				1808184D1EBE405800888934 /* PlayListController.swift in Sources */,
				18AAAF971EC5B91000191355 /* CatItemCell.swift in Sources */,
				1875034C1EAF2D2B00AF0A26 /* VitrinCell.swift in Sources */,
				18F7C3911EBAFFD7002AF4AA /* PlayerCell.swift in Sources */,
				187503501EAF315400AF0A26 /* CollectionViewCell.swift in Sources */,
				18D5498E1EB20644009BCD15 /* testViewController.swift in Sources */,
				1875035E1EAF9CA100AF0A26 /* SendObjects.swift in Sources */,
				187503491EAF2B5500AF0A26 /* HomeViewController.swift in Sources */,
				18F7C38D1EBAFA67002AF4AA /* PlayerViewController.swift in Sources */,
				180818501EBE410600888934 /* PlayListCell.swift in Sources */,
			);
			runOnlyForDeploymentPostprocessing = 0;
		};
		18C0AF081EAD1BFE0082B4F2 /* Sources */ = {
			isa = PBXSourcesBuildPhase;
			buildActionMask = 2147483647;
			files = (
				18C0AF111EAD1BFE0082B4F2 /* RadioLadanTests.swift in Sources */,
			);
			runOnlyForDeploymentPostprocessing = 0;
		};
		18C0AF131EAD1BFE0082B4F2 /* Sources */ = {
			isa = PBXSourcesBuildPhase;
			buildActionMask = 2147483647;
			files = (
				18C0AF1C1EAD1BFE0082B4F2 /* RadioLadanUITests.swift in Sources */,
			);
			runOnlyForDeploymentPostprocessing = 0;
		};
/* End PBXSourcesBuildPhase section */

/* Begin PBXTargetDependency section */
		18C0AF0E1EAD1BFE0082B4F2 /* PBXTargetDependency */ = {
			isa = PBXTargetDependency;
			target = 18C0AEF71EAD1BFE0082B4F2 /* RadioLadan */;
			targetProxy = 18C0AF0D1EAD1BFE0082B4F2 /* PBXContainerItemProxy */;
		};
		18C0AF191EAD1BFE0082B4F2 /* PBXTargetDependency */ = {
			isa = PBXTargetDependency;
			target = 18C0AEF71EAD1BFE0082B4F2 /* RadioLadan */;
			targetProxy = 18C0AF181EAD1BFE0082B4F2 /* PBXContainerItemProxy */;
		};
/* End PBXTargetDependency section */

/* Begin PBXVariantGroup section */
		18C0AEFF1EAD1BFE0082B4F2 /* Main.storyboard */ = {
			isa = PBXVariantGroup;
			children = (
				18C0AF001EAD1BFE0082B4F2 /* Base */,
			);
			name = Main.storyboard;
			sourceTree = "<group>";
		};
		18C0AF041EAD1BFE0082B4F2 /* LaunchScreen.storyboard */ = {
			isa = PBXVariantGroup;
			children = (
				18C0AF051EAD1BFE0082B4F2 /* Base */,
			);
			name = LaunchScreen.storyboard;
			sourceTree = "<group>";
		};
/* End PBXVariantGroup section */

/* Begin XCBuildConfiguration section */
		18C0AF1E1EAD1BFE0082B4F2 /* Debug */ = {
			isa = XCBuildConfiguration;
			buildSettings = {
				ALWAYS_SEARCH_USER_PATHS = NO;
				CLANG_ANALYZER_NONNULL = YES;
				CLANG_CXX_LANGUAGE_STANDARD = "gnu++0x";
				CLANG_CXX_LIBRARY = "libc++";
				CLANG_ENABLE_MODULES = YES;
				CLANG_ENABLE_OBJC_ARC = YES;
				CLANG_WARN_BOOL_CONVERSION = YES;
				CLANG_WARN_CONSTANT_CONVERSION = YES;
				CLANG_WARN_DIRECT_OBJC_ISA_USAGE = YES_ERROR;
				CLANG_WARN_DOCUMENTATION_COMMENTS = YES;
				CLANG_WARN_EMPTY_BODY = YES;
				CLANG_WARN_ENUM_CONVERSION = YES;
				CLANG_WARN_INFINITE_RECURSION = YES;
				CLANG_WARN_INT_CONVERSION = YES;
				CLANG_WARN_OBJC_ROOT_CLASS = YES_ERROR;
				CLANG_WARN_SUSPICIOUS_MOVE = YES;
				CLANG_WARN_UNREACHABLE_CODE = YES;
				CLANG_WARN__DUPLICATE_METHOD_MATCH = YES;
				"CODE_SIGN_IDENTITY[sdk=iphoneos*]" = "iPhone Developer";
				COPY_PHASE_STRIP = NO;
				DEBUG_INFORMATION_FORMAT = dwarf;
				ENABLE_STRICT_OBJC_MSGSEND = YES;
				ENABLE_TESTABILITY = YES;
				GCC_C_LANGUAGE_STANDARD = gnu99;
				GCC_DYNAMIC_NO_PIC = NO;
				GCC_NO_COMMON_BLOCKS = YES;
				GCC_OPTIMIZATION_LEVEL = 0;
				GCC_PREPROCESSOR_DEFINITIONS = (
					"DEBUG=1",
					"$(inherited)",
				);
				GCC_WARN_64_TO_32_BIT_CONVERSION = YES;
				GCC_WARN_ABOUT_RETURN_TYPE = YES_ERROR;
				GCC_WARN_UNDECLARED_SELECTOR = YES;
				GCC_WARN_UNINITIALIZED_AUTOS = YES_AGGRESSIVE;
				GCC_WARN_UNUSED_FUNCTION = YES;
				GCC_WARN_UNUSED_VARIABLE = YES;
				IPHONEOS_DEPLOYMENT_TARGET = 10.2;
				MTL_ENABLE_DEBUG_INFO = YES;
				ONLY_ACTIVE_ARCH = YES;
				SDKROOT = iphoneos;
				SWIFT_ACTIVE_COMPILATION_CONDITIONS = DEBUG;
				SWIFT_OPTIMIZATION_LEVEL = "-Onone";
			};
			name = Debug;
		};
		18C0AF1F1EAD1BFE0082B4F2 /* Release */ = {
			isa = XCBuildConfiguration;
			buildSettings = {
				ALWAYS_SEARCH_USER_PATHS = NO;
				CLANG_ANALYZER_NONNULL = YES;
				CLANG_CXX_LANGUAGE_STANDARD = "gnu++0x";
				CLANG_CXX_LIBRARY = "libc++";
				CLANG_ENABLE_MODULES = YES;
				CLANG_ENABLE_OBJC_ARC = YES;
				CLANG_WARN_BOOL_CONVERSION = YES;
				CLANG_WARN_CONSTANT_CONVERSION = YES;
				CLANG_WARN_DIRECT_OBJC_ISA_USAGE = YES_ERROR;
				CLANG_WARN_DOCUMENTATION_COMMENTS = YES;
				CLANG_WARN_EMPTY_BODY = YES;
				CLANG_WARN_ENUM_CONVERSION = YES;
				CLANG_WARN_INFINITE_RECURSION = YES;
				CLANG_WARN_INT_CONVERSION = YES;
				CLANG_WARN_OBJC_ROOT_CLASS = YES_ERROR;
				CLANG_WARN_SUSPICIOUS_MOVE = YES;
				CLANG_WARN_UNREACHABLE_CODE = YES;
				CLANG_WARN__DUPLICATE_METHOD_MATCH = YES;
				"CODE_SIGN_IDENTITY[sdk=iphoneos*]" = "iPhone Developer";
				COPY_PHASE_STRIP = NO;
				DEBUG_INFORMATION_FORMAT = "dwarf-with-dsym";
				ENABLE_NS_ASSERTIONS = NO;
				ENABLE_STRICT_OBJC_MSGSEND = YES;
				GCC_C_LANGUAGE_STANDARD = gnu99;
				GCC_NO_COMMON_BLOCKS = YES;
				GCC_WARN_64_TO_32_BIT_CONVERSION = YES;
				GCC_WARN_ABOUT_RETURN_TYPE = YES_ERROR;
				GCC_WARN_UNDECLARED_SELECTOR = YES;
				GCC_WARN_UNINITIALIZED_AUTOS = YES_AGGRESSIVE;
				GCC_WARN_UNUSED_FUNCTION = YES;
				GCC_WARN_UNUSED_VARIABLE = YES;
				IPHONEOS_DEPLOYMENT_TARGET = 10.2;
				MTL_ENABLE_DEBUG_INFO = NO;
				SDKROOT = iphoneos;
				SWIFT_OPTIMIZATION_LEVEL = "-Owholemodule";
				VALIDATE_PRODUCT = YES;
			};
			name = Release;
		};
		18C0AF211EAD1BFE0082B4F2 /* Debug */ = {
			isa = XCBuildConfiguration;
			baseConfigurationReference = C75C2B6743D919EED96F34BB /* Pods-RadioLadan.debug.xcconfig */;
			buildSettings = {
				ASSETCATALOG_COMPILER_APPICON_NAME = AppIcon;
				DEVELOPMENT_TEAM = FGG7GRA53N;
				INFOPLIST_FILE = RadioLadan/Info.plist;
				IPHONEOS_DEPLOYMENT_TARGET = 10.0;
				LD_RUNPATH_SEARCH_PATHS = "$(inherited) @executable_path/Frameworks";
				PRODUCT_BUNDLE_IDENTIFIER = com.mahdi.RadioLadan;
				PRODUCT_NAME = "$(TARGET_NAME)";
				SWIFT_VERSION = 3.0;
			};
			name = Debug;
		};
		18C0AF221EAD1BFE0082B4F2 /* Release */ = {
			isa = XCBuildConfiguration;
			baseConfigurationReference = C607900463E8AE1031241A38 /* Pods-RadioLadan.release.xcconfig */;
			buildSettings = {
				ASSETCATALOG_COMPILER_APPICON_NAME = AppIcon;
				DEVELOPMENT_TEAM = FGG7GRA53N;
				INFOPLIST_FILE = RadioLadan/Info.plist;
				IPHONEOS_DEPLOYMENT_TARGET = 10.0;
				LD_RUNPATH_SEARCH_PATHS = "$(inherited) @executable_path/Frameworks";
				PRODUCT_BUNDLE_IDENTIFIER = com.mahdi.RadioLadan;
				PRODUCT_NAME = "$(TARGET_NAME)";
				SWIFT_VERSION = 3.0;
			};
			name = Release;
		};
		18C0AF241EAD1BFE0082B4F2 /* Debug */ = {
			isa = XCBuildConfiguration;
			buildSettings = {
				ALWAYS_EMBED_SWIFT_STANDARD_LIBRARIES = YES;
				BUNDLE_LOADER = "$(TEST_HOST)";
				DEVELOPMENT_TEAM = FGG7GRA53N;
				INFOPLIST_FILE = RadioLadanTests/Info.plist;
				LD_RUNPATH_SEARCH_PATHS = "$(inherited) @executable_path/Frameworks @loader_path/Frameworks";
				PRODUCT_BUNDLE_IDENTIFIER = com.mahdi.RadioLadanTests;
				PRODUCT_NAME = "$(TARGET_NAME)";
				SWIFT_VERSION = 3.0;
				TEST_HOST = "$(BUILT_PRODUCTS_DIR)/RadioLadan.app/RadioLadan";
			};
			name = Debug;
		};
		18C0AF251EAD1BFE0082B4F2 /* Release */ = {
			isa = XCBuildConfiguration;
			buildSettings = {
				ALWAYS_EMBED_SWIFT_STANDARD_LIBRARIES = YES;
				BUNDLE_LOADER = "$(TEST_HOST)";
				DEVELOPMENT_TEAM = FGG7GRA53N;
				INFOPLIST_FILE = RadioLadanTests/Info.plist;
				LD_RUNPATH_SEARCH_PATHS = "$(inherited) @executable_path/Frameworks @loader_path/Frameworks";
				PRODUCT_BUNDLE_IDENTIFIER = com.mahdi.RadioLadanTests;
				PRODUCT_NAME = "$(TARGET_NAME)";
				SWIFT_VERSION = 3.0;
				TEST_HOST = "$(BUILT_PRODUCTS_DIR)/RadioLadan.app/RadioLadan";
			};
			name = Release;
		};
		18C0AF271EAD1BFE0082B4F2 /* Debug */ = {
			isa = XCBuildConfiguration;
			buildSettings = {
				ALWAYS_EMBED_SWIFT_STANDARD_LIBRARIES = YES;
				DEVELOPMENT_TEAM = FGG7GRA53N;
				INFOPLIST_FILE = RadioLadanUITests/Info.plist;
				LD_RUNPATH_SEARCH_PATHS = "$(inherited) @executable_path/Frameworks @loader_path/Frameworks";
				PRODUCT_BUNDLE_IDENTIFIER = com.mahdi.RadioLadanUITests;
				PRODUCT_NAME = "$(TARGET_NAME)";
				SWIFT_VERSION = 3.0;
				TEST_TARGET_NAME = RadioLadan;
			};
			name = Debug;
		};
		18C0AF281EAD1BFE0082B4F2 /* Release */ = {
			isa = XCBuildConfiguration;
			buildSettings = {
				ALWAYS_EMBED_SWIFT_STANDARD_LIBRARIES = YES;
				DEVELOPMENT_TEAM = FGG7GRA53N;
				INFOPLIST_FILE = RadioLadanUITests/Info.plist;
				LD_RUNPATH_SEARCH_PATHS = "$(inherited) @executable_path/Frameworks @loader_path/Frameworks";
				PRODUCT_BUNDLE_IDENTIFIER = com.mahdi.RadioLadanUITests;
				PRODUCT_NAME = "$(TARGET_NAME)";
				SWIFT_VERSION = 3.0;
				TEST_TARGET_NAME = RadioLadan;
			};
			name = Release;
		};
/* End XCBuildConfiguration section */

/* Begin XCConfigurationList section */
		18C0AEF31EAD1BFE0082B4F2 /* Build configuration list for PBXProject "RadioLadan" */ = {
			isa = XCConfigurationList;
			buildConfigurations = (
				18C0AF1E1EAD1BFE0082B4F2 /* Debug */,
				18C0AF1F1EAD1BFE0082B4F2 /* Release */,
			);
			defaultConfigurationIsVisible = 0;
			defaultConfigurationName = Release;
		};
		18C0AF201EAD1BFE0082B4F2 /* Build configuration list for PBXNativeTarget "RadioLadan" */ = {
			isa = XCConfigurationList;
			buildConfigurations = (
				18C0AF211EAD1BFE0082B4F2 /* Debug */,
				18C0AF221EAD1BFE0082B4F2 /* Release */,
			);
			defaultConfigurationIsVisible = 0;
			defaultConfigurationName = Release;
		};
		18C0AF231EAD1BFE0082B4F2 /* Build configuration list for PBXNativeTarget "RadioLadanTests" */ = {
			isa = XCConfigurationList;
			buildConfigurations = (
				18C0AF241EAD1BFE0082B4F2 /* Debug */,
				18C0AF251EAD1BFE0082B4F2 /* Release */,
			);
			defaultConfigurationIsVisible = 0;
			defaultConfigurationName = Release;
		};
		18C0AF261EAD1BFE0082B4F2 /* Build configuration list for PBXNativeTarget "RadioLadanUITests" */ = {
			isa = XCConfigurationList;
			buildConfigurations = (
				18C0AF271EAD1BFE0082B4F2 /* Debug */,
				18C0AF281EAD1BFE0082B4F2 /* Release */,
			);
			defaultConfigurationIsVisible = 0;
			defaultConfigurationName = Release;
		};
/* End XCConfigurationList section */
	};
	rootObject = 18C0AEF01EAD1BFE0082B4F2 /* Project object */;
}
